
Microsoft Visual Studio Solution File, Format Version 12.00
# Visual Studio Version 16
VisualStudioVersion = 16.0.31410.357
MinimumVisualStudioVersion = 10.0.40219.1
Project("{FAE04EC0-301F-11D3-BF4B-00C04F79EFBC}") = "ApiAgendaServicos", "ApiAgendaServicos\ApiAgendaServicos.csproj", "{447AD917-0CD0-4C99-B08A-3913765A462F}"
EndProject
Project("{FAE04EC0-301F-11D3-BF4B-00C04F79EFBC}") = "Agenda.DATA", "Agenda.DATA\Agenda.DATA.csproj", "{CD8178E7-008E-4448-9721-CE2A87BF72B0}"
EndProject
Project("{9A19103F-16F7-4668-BE54-9A1E7A4F7556}") = "JWT", "JWT\JWT.csproj", "{179535C5-4BD4-4F32-9B86-A756FF96E527}"
EndProject
Global
	GlobalSection(SolutionConfigurationPlatforms) = preSolution
		Debug|Any CPU = Debug|Any CPU
		Release|Any CPU = Release|Any CPU
	EndGlobalSection
	GlobalSection(ProjectConfigurationPlatforms) = postSolution
		{447AD917-0CD0-4C99-B08A-3913765A462F}.Debug|Any CPU.ActiveCfg = Debug|Any CPU
		{447AD917-0CD0-4C99-B08A-3913765A462F}.Debug|Any CPU.Build.0 = Debug|Any CPU
		{447AD917-0CD0-4C99-B08A-3913765A462F}.Release|Any CPU.ActiveCfg = Release|Any CPU
		{447AD917-0CD0-4C99-B08A-3913765A462F}.Release|Any CPU.Build.0 = Release|Any CPU
		{CD8178E7-008E-4448-9721-CE2A87BF72B0}.Debug|Any CPU.ActiveCfg = Debug|Any CPU
		{CD8178E7-008E-4448-9721-CE2A87BF72B0}.Debug|Any CPU.Build.0 = Debug|Any CPU
		{CD8178E7-008E-4448-9721-CE2A87BF72B0}.Release|Any CPU.ActiveCfg = Release|Any CPU
		{CD8178E7-008E-4448-9721-CE2A87BF72B0}.Release|Any CPU.Build.0 = Release|Any CPU
		{179535C5-4BD4-4F32-9B86-A756FF96E527}.Debug|Any CPU.ActiveCfg = Debug|Any CPU
		{179535C5-4BD4-4F32-9B86-A756FF96E527}.Debug|Any CPU.Build.0 = Debug|Any CPU
		{179535C5-4BD4-4F32-9B86-A756FF96E527}.Release|Any CPU.ActiveCfg = Release|Any CPU
		{179535C5-4BD4-4F32-9B86-A756FF96E527}.Release|Any CPU.Build.0 = Release|Any CPU
	EndGlobalSection
	GlobalSection(SolutionProperties) = preSolution
		HideSolutionNode = FALSE
	EndGlobalSection
	GlobalSection(ExtensibilityGlobals) = postSolution
		SolutionGuid = {C8DB6321-0A77-4AAA-B3E9-0EB1B859432E}
	EndGlobalSection
EndGlobal
